
Microsoft Visual Studio Solution File, Format Version 12.00
# Visual Studio Version 16
VisualStudioVersion = 16.0.30503.244
MinimumVisualStudioVersion = 10.0.40219.1
Project("{9A19103F-16F7-4668-BE54-9A1E7A4F7556}") = "BuildWebAPPFromConsole", "BuildWebAPPFromConsole.csproj", "{B614DC61-62D9-440D-8499-27BA0F99EA2F}"
EndProject
Global
	GlobalSection(SolutionConfigurationPlatforms) = preSolution
		Debug|Any CPU = Debug|Any CPU
		Release|Any CPU = Release|Any CPU
	EndGlobalSection
	GlobalSection(ProjectConfigurationPlatforms) = postSolution
		{B614DC61-62D9-440D-8499-27BA0F99EA2F}.Debug|Any CPU.ActiveCfg = Debug|Any CPU
		{B614DC61-62D9-440D-8499-27BA0F99EA2F}.Debug|Any CPU.Build.0 = Debug|Any CPU
		{B614DC61-62D9-440D-8499-27BA0F99EA2F}.Release|Any CPU.ActiveCfg = Release|Any CPU
		{B614DC61-62D9-440D-8499-27BA0F99EA2F}.Release|Any CPU.Build.0 = Release|Any CPU
	EndGlobalSection
	GlobalSection(SolutionProperties) = preSolution
		HideSolutionNode = FALSE
	EndGlobalSection
	GlobalSection(ExtensibilityGlobals) = postSolution
		SolutionGuid = {4F966865-0D7A-4276-AF0B-5C5A0B56D0C9}
	EndGlobalSection
EndGlobal
